
Microsoft Visual Studio Solution File, Format Version 12.00
# Visual Studio 15
VisualStudioVersion = 15.0.28307.572
MinimumVisualStudioVersion = 10.0.40219.1
Project("{FAE04EC0-301F-11D3-BF4B-00C04F79EFBC}") = "ComDotNetSample", "ComDotNetSample\ComDotNetSample.csproj", "{EEBB57C7-8E4B-4342-9D14-4FD1CA3CF628}"
EndProject
Global
	GlobalSection(SolutionConfigurationPlatforms) = preSolution
		Debug|Any CPU = Debug|Any CPU
		Release|Any CPU = Release|Any CPU
	EndGlobalSection
	GlobalSection(ProjectConfigurationPlatforms) = postSolution
		{EEBB57C7-8E4B-4342-9D14-4FD1CA3CF628}.Debug|Any CPU.ActiveCfg = Debug|Any CPU
		{EEBB57C7-8E4B-4342-9D14-4FD1CA3CF628}.Debug|Any CPU.Build.0 = Debug|Any CPU
		{EEBB57C7-8E4B-4342-9D14-4FD1CA3CF628}.Release|Any CPU.ActiveCfg = Release|Any CPU
		{EEBB57C7-8E4B-4342-9D14-4FD1CA3CF628}.Release|Any CPU.Build.0 = Release|Any CPU
	EndGlobalSection
	GlobalSection(SolutionProperties) = preSolution
		HideSolutionNode = FALSE
	EndGlobalSection
	GlobalSection(ExtensibilityGlobals) = postSolution
		SolutionGuid = {DC470799-A9EF-4CA8-9A40-4A74B59ABB7B}
	EndGlobalSection
EndGlobal
